
Microsoft Visual Studio Solution File, Format Version 12.00
# Visual Studio Version 17
VisualStudioVersion = 17.3.32929.385
MinimumVisualStudioVersion = 10.0.40219.1
Project("{FAE04EC0-301F-11D3-BF4B-00C04F79EFBC}") = "DOEMTEXT", "DOEMTEXT\DOEMTEXT.csproj", "{F7F8BE5D-6A81-4078-82BC-A46A2BEFE3D3}"
EndProject
Global
	GlobalSection(SolutionConfigurationPlatforms) = preSolution
		Debug|Any CPU = Debug|Any CPU
		Release|Any CPU = Release|Any CPU
	EndGlobalSection
	GlobalSection(ProjectConfigurationPlatforms) = postSolution
		{F7F8BE5D-6A81-4078-82BC-A46A2BEFE3D3}.Debug|Any CPU.ActiveCfg = Debug|Any CPU
		{F7F8BE5D-6A81-4078-82BC-A46A2BEFE3D3}.Debug|Any CPU.Build.0 = Debug|Any CPU
		{F7F8BE5D-6A81-4078-82BC-A46A2BEFE3D3}.Release|Any CPU.ActiveCfg = Release|Any CPU
		{F7F8BE5D-6A81-4078-82BC-A46A2BEFE3D3}.Release|Any CPU.Build.0 = Release|Any CPU
	EndGlobalSection
	GlobalSection(SolutionProperties) = preSolution
		HideSolutionNode = FALSE
	EndGlobalSection
	GlobalSection(ExtensibilityGlobals) = postSolution
		SolutionGuid = {D05122FE-7AB9-4A32-B835-0361F139E428}
	EndGlobalSection
EndGlobal
